<Solution>
  <Project Path="../../tests/backend/Licenses.Api.Tests/Licenses.Api.Tests.csproj" />
  <Project Path="../../tests/backend/Licenses.Application.Tests/Licenses.Application.Tests.csproj" />
  <Project Path="../../tests/backend/Licenses.Domain.Tests/Licenses.Domain.Tests.csproj" />
  <Project Path="Licenses.Api/Licenses.Api.csproj" />
  <Project Path="Licenses.Application/Licenses.Application.csproj" />
  <Project Path="Licenses.Domain/Licenses.Domain.csproj" />
  <Project Path="Licenses.Infrastructure/Licenses.Infrastructure.csproj" />
  <Project Path="Licenses.Worker/Licenses.Worker.csproj" />
</Solution>
